<?xml version="1.0" encoding="utf-8"?>
<Project ToolsVersion="4.0" xmlns="http://schemas.microsoft.com/developer/msbuild/2003">
  <ItemGroup>
    <Filter Include="Source Files">
      <UniqueIdentifier>{4FC737F1-C7A5-4376-A066-2A32D752A2FF}</UniqueIdentifier>
      <Extensions>cpp;c;cc;cxx;def;odl;idl;hpj;bat;asm;asmx</Extensions>
    </Filter>
    <Filter Include="Header Files">
      <UniqueIdentifier>{93995380-89BD-4b04-88EB-625FBE52EBFB}</UniqueIdentifier>
      <Extensions>h;hh;hpp;hxx;hm;inl;inc;xsd</Extensions>
    </Filter>
  </ItemGroup>
  <ItemGroup>
    <ClInclude Include="..\include\Container.h">
      <Filter>Header Files</Filter>
    </ClInclude>
    <ClInclude Include="..\include\ContainerHeader.h">
      <Filter>Header Files</Filter>
    </ClInclude>
    <ClInclude Include="..\include\Core.h">
      <Filter>Header Files</Filter>
    </ClInclude>
    <ClInclude Include="..\include\Data.h">
      <Filter>Header Files</Filter>
    </ClInclude>
    <ClInclude Include="..\include\Element.h">
      <Filter>Header Files</Filter>
    </ClInclude>
    <ClInclude Include="..\include\Header.h">
      <Filter>Header Files</Filter>
    </ClInclude>
    <ClInclude Include="..\include\MsgPack.h">
      <Filter>Header Files</Filter>
    </ClInclude>
    <ClInclude Include="..\include\MsgPackSocket.h">
      <Filter>Header Files</Filter>
    </ClInclude>
    <ClInclude Include="..\include\netLink.h">
      <Filter>Header Files</Filter>
    </ClInclude>
    <ClInclude Include="..\include\Number.h">
      <Filter>Header Files</Filter>
    </ClInclude>
    <ClInclude Include="..\include\Primitive.h">
      <Filter>Header Files</Filter>
    </ClInclude>
    <ClInclude Include="..\include\Socket.h">
      <Filter>Header Files</Filter>
    </ClInclude>
    <ClInclude Include="..\include\SocketManager.h">
      <Filter>Header Files</Filter>
    </ClInclude>
    <ClInclude Include="..\include\StreamManager.h">
      <Filter>Header Files</Filter>
    </ClInclude>
  </ItemGroup>
  <ItemGroup>
    <ClCompile Include="..\MsgPack.cpp">
      <Filter>Source Files</Filter>
    </ClCompile>
    <ClCompile Include="..\Socket.cpp">
      <Filter>Source Files</Filter>
    </ClCompile>
    <ClCompile Include="..\SocketManager.cpp">
      <Filter>Source Files</Filter>
    </ClCompile>
  </ItemGroup>
</Project>